// !$*UTF8*$!
{
	archiveVersion = 1;
	classes = {
	};
	objectVersion = 55;
	objects = {

/* Begin PBXBuildFile section */
		78D4B62428449C5400CC28C1 /* AppDelegate.swift in Sources */ = {isa = PBXBuildFile; fileRef = 78D4B62328449C5400CC28C1 /* AppDelegate.swift */; };
		78D4B62628449C5400CC28C1 /* SceneDelegate.swift in Sources */ = {isa = PBXBuildFile; fileRef = 78D4B62528449C5400CC28C1 /* SceneDelegate.swift */; };
		78D4B62828449C5400CC28C1 /* ViewController.swift in Sources */ = {isa = PBXBuildFile; fileRef = 78D4B62728449C5400CC28C1 /* ViewController.swift */; };
		78D4B62B28449C5400CC28C1 /* Main.storyboard in Resources */ = {isa = PBXBuildFile; fileRef = 78D4B62928449C5400CC28C1 /* Main.storyboard */; };
		78D4B62E28449C5400CC28C1 /* NotificationCenter.xcdatamodeld in Sources */ = {isa = PBXBuildFile; fileRef = 78D4B62C28449C5400CC28C1 /* NotificationCenter.xcdatamodeld */; };
		78D4B63028449C5700CC28C1 /* Assets.xcassets in Resources */ = {isa = PBXBuildFile; fileRef = 78D4B62F28449C5700CC28C1 /* Assets.xcassets */; };
		78D4B63328449C5700CC28C1 /* LaunchScreen.storyboard in Resources */ = {isa = PBXBuildFile; fileRef = 78D4B63128449C5700CC28C1 /* LaunchScreen.storyboard */; };
		78D4B63E28449C5700CC28C1 /* NotificationCenterTests.swift in Sources */ = {isa = PBXBuildFile; fileRef = 78D4B63D28449C5700CC28C1 /* NotificationCenterTests.swift */; };
		78D4B64828449C5700CC28C1 /* NotificationCenterUITests.swift in Sources */ = {isa = PBXBuildFile; fileRef = 78D4B64728449C5700CC28C1 /* NotificationCenterUITests.swift */; };
		78D4B64A28449C5700CC28C1 /* NotificationCenterUITestsLaunchTests.swift in Sources */ = {isa = PBXBuildFile; fileRef = 78D4B64928449C5700CC28C1 /* NotificationCenterUITestsLaunchTests.swift */; };
/* End PBXBuildFile section */

/* Begin PBXContainerItemProxy section */
		78D4B63A28449C5700CC28C1 /* PBXContainerItemProxy */ = {
			isa = PBXContainerItemProxy;
			containerPortal = 78D4B61828449C5400CC28C1 /* Project object */;
			proxyType = 1;
			remoteGlobalIDString = 78D4B61F28449C5400CC28C1;
			remoteInfo = NotificationCenter;
		};
		78D4B64428449C5700CC28C1 /* PBXContainerItemProxy */ = {
			isa = PBXContainerItemProxy;
			containerPortal = 78D4B61828449C5400CC28C1 /* Project object */;
			proxyType = 1;
			remoteGlobalIDString = 78D4B61F28449C5400CC28C1;
			remoteInfo = NotificationCenter;
		};
/* End PBXContainerItemProxy section */

/* Begin PBXFileReference section */
		78D4B62028449C5400CC28C1 /* NotificationCenter.app */ = {isa = PBXFileReference; explicitFileType = wrapper.application; includeInIndex = 0; path = NotificationCenter.app; sourceTree = BUILT_PRODUCTS_DIR; };
		78D4B62328449C5400CC28C1 /* AppDelegate.swift */ = {isa = PBXFileReference; lastKnownFileType = sourcecode.swift; path = AppDelegate.swift; sourceTree = "<group>"; };
		78D4B62528449C5400CC28C1 /* SceneDelegate.swift */ = {isa = PBXFileReference; lastKnownFileType = sourcecode.swift; path = SceneDelegate.swift; sourceTree = "<group>"; };
		78D4B62728449C5400CC28C1 /* ViewController.swift */ = {isa = PBXFileReference; lastKnownFileType = sourcecode.swift; path = ViewController.swift; sourceTree = "<group>"; };
		78D4B62A28449C5400CC28C1 /* Base */ = {isa = PBXFileReference; lastKnownFileType = file.storyboard; name = Base; path = Base.lproj/Main.storyboard; sourceTree = "<group>"; };
		78D4B62D28449C5400CC28C1 /* NotificationCenter.xcdatamodel */ = {isa = PBXFileReference; lastKnownFileType = wrapper.xcdatamodel; path = NotificationCenter.xcdatamodel; sourceTree = "<group>"; };
		78D4B62F28449C5700CC28C1 /* Assets.xcassets */ = {isa = PBXFileReference; lastKnownFileType = folder.assetcatalog; path = Assets.xcassets; sourceTree = "<group>"; };
		78D4B63228449C5700CC28C1 /* Base */ = {isa = PBXFileReference; lastKnownFileType = file.storyboard; name = Base; path = Base.lproj/LaunchScreen.storyboard; sourceTree = "<group>"; };
		78D4B63428449C5700CC28C1 /* Info.plist */ = {isa = PBXFileReference; lastKnownFileType = text.plist.xml; path = Info.plist; sourceTree = "<group>"; };
		78D4B63928449C5700CC28C1 /* NotificationCenterTests.xctest */ = {isa = PBXFileReference; explicitFileType = wrapper.cfbundle; includeInIndex = 0; path = NotificationCenterTests.xctest; sourceTree = BUILT_PRODUCTS_DIR; };
		78D4B63D28449C5700CC28C1 /* NotificationCenterTests.swift */ = {isa = PBXFileReference; lastKnownFileType = sourcecode.swift; path = NotificationCenterTests.swift; sourceTree = "<group>"; };
		78D4B64328449C5700CC28C1 /* NotificationCenterUITests.xctest */ = {isa = PBXFileReference; explicitFileType = wrapper.cfbundle; includeInIndex = 0; path = NotificationCenterUITests.xctest; sourceTree = BUILT_PRODUCTS_DIR; };
		78D4B64728449C5700CC28C1 /* NotificationCenterUITests.swift */ = {isa = PBXFileReference; lastKnownFileType = sourcecode.swift; path = NotificationCenterUITests.swift; sourceTree = "<group>"; };
		78D4B64928449C5700CC28C1 /* NotificationCenterUITestsLaunchTests.swift */ = {isa = PBXFileReference; lastKnownFileType = sourcecode.swift; path = NotificationCenterUITestsLaunchTests.swift; sourceTree = "<group>"; };
/* End PBXFileReference section */

/* Begin PBXFrameworksBuildPhase section */
		78D4B61D28449C5400CC28C1 /* Frameworks */ = {
			isa = PBXFrameworksBuildPhase;
			buildActionMask = 2147483647;
			files = (
			);
			runOnlyForDeploymentPostprocessing = 0;
		};
		78D4B63628449C5700CC28C1 /* Frameworks */ = {
			isa = PBXFrameworksBuildPhase;
			buildActionMask = 2147483647;
			files = (
			);
			runOnlyForDeploymentPostprocessing = 0;
		};
		78D4B64028449C5700CC28C1 /* Frameworks */ = {
			isa = PBXFrameworksBuildPhase;
			buildActionMask = 2147483647;
			files = (
			);
			runOnlyForDeploymentPostprocessing = 0;
		};
/* End PBXFrameworksBuildPhase section */

/* Begin PBXGroup section */
		78D4B61728449C5400CC28C1 = {
			isa = PBXGroup;
			children = (
				78D4B62228449C5400CC28C1 /* NotificationCenter */,
				78D4B63C28449C5700CC28C1 /* NotificationCenterTests */,
				78D4B64628449C5700CC28C1 /* NotificationCenterUITests */,
				78D4B62128449C5400CC28C1 /* Products */,
			);
			sourceTree = "<group>";
		};
		78D4B62128449C5400CC28C1 /* Products */ = {
			isa = PBXGroup;
			children = (
				78D4B62028449C5400CC28C1 /* NotificationCenter.app */,
				78D4B63928449C5700CC28C1 /* NotificationCenterTests.xctest */,
				78D4B64328449C5700CC28C1 /* NotificationCenterUITests.xctest */,
			);
			name = Products;
			sourceTree = "<group>";
		};
		78D4B62228449C5400CC28C1 /* NotificationCenter */ = {
			isa = PBXGroup;
			children = (
				78D4B62328449C5400CC28C1 /* AppDelegate.swift */,
				78D4B62528449C5400CC28C1 /* SceneDelegate.swift */,
				78D4B62728449C5400CC28C1 /* ViewController.swift */,
				78D4B62928449C5400CC28C1 /* Main.storyboard */,
				78D4B62F28449C5700CC28C1 /* Assets.xcassets */,
				78D4B63128449C5700CC28C1 /* LaunchScreen.storyboard */,
				78D4B63428449C5700CC28C1 /* Info.plist */,
				78D4B62C28449C5400CC28C1 /* NotificationCenter.xcdatamodeld */,
			);
			path = NotificationCenter;
			sourceTree = "<group>";
		};
		78D4B63C28449C5700CC28C1 /* NotificationCenterTests */ = {
			isa = PBXGroup;
			children = (
				78D4B63D28449C5700CC28C1 /* NotificationCenterTests.swift */,
			);
			path = NotificationCenterTests;
			sourceTree = "<group>";
		};
		78D4B64628449C5700CC28C1 /* NotificationCenterUITests */ = {
			isa = PBXGroup;
			children = (
				78D4B64728449C5700CC28C1 /* NotificationCenterUITests.swift */,
				78D4B64928449C5700CC28C1 /* NotificationCenterUITestsLaunchTests.swift */,
			);
			path = NotificationCenterUITests;
			sourceTree = "<group>";
		};
/* End PBXGroup section */

/* Begin PBXNativeTarget section */
		78D4B61F28449C5400CC28C1 /* NotificationCenter */ = {
			isa = PBXNativeTarget;
			buildConfigurationList = 78D4B64D28449C5700CC28C1 /* Build configuration list for PBXNativeTarget "NotificationCenter" */;
			buildPhases = (
				78D4B61C28449C5400CC28C1 /* Sources */,
				78D4B61D28449C5400CC28C1 /* Frameworks */,
				78D4B61E28449C5400CC28C1 /* Resources */,
			);
			buildRules = (
			);
			dependencies = (
			);
			name = NotificationCenter;
			productName = NotificationCenter;
			productReference = 78D4B62028449C5400CC28C1 /* NotificationCenter.app */;
			productType = "com.apple.product-type.application";
		};
		78D4B63828449C5700CC28C1 /* NotificationCenterTests */ = {
			isa = PBXNativeTarget;
			buildConfigurationList = 78D4B65028449C5700CC28C1 /* Build configuration list for PBXNativeTarget "NotificationCenterTests" */;
			buildPhases = (
				78D4B63528449C5700CC28C1 /* Sources */,
				78D4B63628449C5700CC28C1 /* Frameworks */,
				78D4B63728449C5700CC28C1 /* Resources */,
			);
			buildRules = (
			);
			dependencies = (
				78D4B63B28449C5700CC28C1 /* PBXTargetDependency */,
			);
			name = NotificationCenterTests;
			productName = NotificationCenterTests;
			productReference = 78D4B63928449C5700CC28C1 /* NotificationCenterTests.xctest */;
			productType = "com.apple.product-type.bundle.unit-test";
		};
		78D4B64228449C5700CC28C1 /* NotificationCenterUITests */ = {
			isa = PBXNativeTarget;
			buildConfigurationList = 78D4B65328449C5700CC28C1 /* Build configuration list for PBXNativeTarget "NotificationCenterUITests" */;
			buildPhases = (
				78D4B63F28449C5700CC28C1 /* Sources */,
				78D4B64028449C5700CC28C1 /* Frameworks */,
				78D4B64128449C5700CC28C1 /* Resources */,
			);
			buildRules = (
			);
			dependencies = (
				78D4B64528449C5700CC28C1 /* PBXTargetDependency */,
			);
			name = NotificationCenterUITests;
			productName = NotificationCenterUITests;
			productReference = 78D4B64328449C5700CC28C1 /* NotificationCenterUITests.xctest */;
			productType = "com.apple.product-type.bundle.ui-testing";
		};
/* End PBXNativeTarget section */

/* Begin PBXProject section */
		78D4B61828449C5400CC28C1 /* Project object */ = {
			isa = PBXProject;
			attributes = {
				BuildIndependentTargetsInParallel = 1;
				LastSwiftUpdateCheck = 1310;
				LastUpgradeCheck = 1310;
				TargetAttributes = {
					78D4B61F28449C5400CC28C1 = {
						CreatedOnToolsVersion = 13.1;
					};
					78D4B63828449C5700CC28C1 = {
						CreatedOnToolsVersion = 13.1;
						TestTargetID = 78D4B61F28449C5400CC28C1;
					};
					78D4B64228449C5700CC28C1 = {
						CreatedOnToolsVersion = 13.1;
						TestTargetID = 78D4B61F28449C5400CC28C1;
					};
				};
			};
			buildConfigurationList = 78D4B61B28449C5400CC28C1 /* Build configuration list for PBXProject "NotificationCenter" */;
			compatibilityVersion = "Xcode 13.0";
			developmentRegion = en;
			hasScannedForEncodings = 0;
			knownRegions = (
				en,
				Base,
			);
			mainGroup = 78D4B61728449C5400CC28C1;
			productRefGroup = 78D4B62128449C5400CC28C1 /* Products */;
			projectDirPath = "";
			projectRoot = "";
			targets = (
				78D4B61F28449C5400CC28C1 /* NotificationCenter */,
				78D4B63828449C5700CC28C1 /* NotificationCenterTests */,
				78D4B64228449C5700CC28C1 /* NotificationCenterUITests */,
			);
		};
/* End PBXProject section */

/* Begin PBXResourcesBuildPhase section */
		78D4B61E28449C5400CC28C1 /* Resources */ = {
			isa = PBXResourcesBuildPhase;
			buildActionMask = 2147483647;
			files = (
				78D4B63328449C5700CC28C1 /* LaunchScreen.storyboard in Resources */,
				78D4B63028449C5700CC28C1 /* Assets.xcassets in Resources */,
				78D4B62B28449C5400CC28C1 /* Main.storyboard in Resources */,
			);
			runOnlyForDeploymentPostprocessing = 0;
		};
		78D4B63728449C5700CC28C1 /* Resources */ = {
			isa = PBXResourcesBuildPhase;
			buildActionMask = 2147483647;
			files = (
			);
			runOnlyForDeploymentPostprocessing = 0;
		};
		78D4B64128449C5700CC28C1 /* Resources */ = {
			isa = PBXResourcesBuildPhase;
			buildActionMask = 2147483647;
			files = (
			);
			runOnlyForDeploymentPostprocessing = 0;
		};
/* End PBXResourcesBuildPhase section */

/* Begin PBXSourcesBuildPhase section */
		78D4B61C28449C5400CC28C1 /* Sources */ = {
			isa = PBXSourcesBuildPhase;
			buildActionMask = 2147483647;
			files = (
				78D4B62828449C5400CC28C1 /* ViewController.swift in Sources */,
				78D4B62428449C5400CC28C1 /* AppDelegate.swift in Sources */,
				78D4B62628449C5400CC28C1 /* SceneDelegate.swift in Sources */,
				78D4B62E28449C5400CC28C1 /* NotificationCenter.xcdatamodeld in Sources */,
			);
			runOnlyForDeploymentPostprocessing = 0;
		};
		78D4B63528449C5700CC28C1 /* Sources */ = {
			isa = PBXSourcesBuildPhase;
			buildActionMask = 2147483647;
			files = (
				78D4B63E28449C5700CC28C1 /* NotificationCenterTests.swift in Sources */,
			);
			runOnlyForDeploymentPostprocessing = 0;
		};
		78D4B63F28449C5700CC28C1 /* Sources */ = {
			isa = PBXSourcesBuildPhase;
			buildActionMask = 2147483647;
			files = (
				78D4B64A28449C5700CC28C1 /* NotificationCenterUITestsLaunchTests.swift in Sources */,
				78D4B64828449C5700CC28C1 /* NotificationCenterUITests.swift in Sources */,
			);
			runOnlyForDeploymentPostprocessing = 0;
		};
/* End PBXSourcesBuildPhase section */

/* Begin PBXTargetDependency section */
		78D4B63B28449C5700CC28C1 /* PBXTargetDependency */ = {
			isa = PBXTargetDependency;
			target = 78D4B61F28449C5400CC28C1 /* NotificationCenter */;
			targetProxy = 78D4B63A28449C5700CC28C1 /* PBXContainerItemProxy */;
		};
		78D4B64528449C5700CC28C1 /* PBXTargetDependency */ = {
			isa = PBXTargetDependency;
			target = 78D4B61F28449C5400CC28C1 /* NotificationCenter */;
			targetProxy = 78D4B64428449C5700CC28C1 /* PBXContainerItemProxy */;
		};
/* End PBXTargetDependency section */

/* Begin PBXVariantGroup section */
		78D4B62928449C5400CC28C1 /* Main.storyboard */ = {
			isa = PBXVariantGroup;
			children = (
				78D4B62A28449C5400CC28C1 /* Base */,
			);
			name = Main.storyboard;
			sourceTree = "<group>";
		};
		78D4B63128449C5700CC28C1 /* LaunchScreen.storyboard */ = {
			isa = PBXVariantGroup;
			children = (
				78D4B63228449C5700CC28C1 /* Base */,
			);
			name = LaunchScreen.storyboard;
			sourceTree = "<group>";
		};
/* End PBXVariantGroup section */

/* Begin XCBuildConfiguration section */
		78D4B64B28449C5700CC28C1 /* Debug */ = {
			isa = XCBuildConfiguration;
			buildSettings = {
				ALWAYS_SEARCH_USER_PATHS = NO;
				CLANG_ANALYZER_NONNULL = YES;
				CLANG_ANALYZER_NUMBER_OBJECT_CONVERSION = YES_AGGRESSIVE;
				CLANG_CXX_LANGUAGE_STANDARD = "gnu++17";
				CLANG_CXX_LIBRARY = "libc++";
				CLANG_ENABLE_MODULES = YES;
				CLANG_ENABLE_OBJC_ARC = YES;
				CLANG_ENABLE_OBJC_WEAK = YES;
				CLANG_WARN_BLOCK_CAPTURE_AUTORELEASING = YES;
				CLANG_WARN_BOOL_CONVERSION = YES;
				CLANG_WARN_COMMA = YES;
				CLANG_WARN_CONSTANT_CONVERSION = YES;
				CLANG_WARN_DEPRECATED_OBJC_IMPLEMENTATIONS = YES;
				CLANG_WARN_DIRECT_OBJC_ISA_USAGE = YES_ERROR;
				CLANG_WARN_DOCUMENTATION_COMMENTS = YES;
				CLANG_WARN_EMPTY_BODY = YES;
				CLANG_WARN_ENUM_CONVERSION = YES;
				CLANG_WARN_INFINITE_RECURSION = YES;
				CLANG_WARN_INT_CONVERSION = YES;
				CLANG_WARN_NON_LITERAL_NULL_CONVERSION = YES;
				CLANG_WARN_OBJC_IMPLICIT_RETAIN_SELF = YES;
				CLANG_WARN_OBJC_LITERAL_CONVERSION = YES;
				CLANG_WARN_OBJC_ROOT_CLASS = YES_ERROR;
				CLANG_WARN_QUOTED_INCLUDE_IN_FRAMEWORK_HEADER = YES;
				CLANG_WARN_RANGE_LOOP_ANALYSIS = YES;
				CLANG_WARN_STRICT_PROTOTYPES = YES;
				CLANG_WARN_SUSPICIOUS_MOVE = YES;
				CLANG_WARN_UNGUARDED_AVAILABILITY = YES_AGGRESSIVE;
				CLANG_WARN_UNREACHABLE_CODE = YES;
				CLANG_WARN__DUPLICATE_METHOD_MATCH = YES;
				COPY_PHASE_STRIP = NO;
				DEBUG_INFORMATION_FORMAT = dwarf;
				ENABLE_STRICT_OBJC_MSGSEND = YES;
				ENABLE_TESTABILITY = YES;
				GCC_C_LANGUAGE_STANDARD = gnu11;
				GCC_DYNAMIC_NO_PIC = NO;
				GCC_NO_COMMON_BLOCKS = YES;
				GCC_OPTIMIZATION_LEVEL = 0;
				GCC_PREPROCESSOR_DEFINITIONS = (
					"DEBUG=1",
					"$(inherited)",
				);
				GCC_WARN_64_TO_32_BIT_CONVERSION = YES;
				GCC_WARN_ABOUT_RETURN_TYPE = YES_ERROR;
				GCC_WARN_UNDECLARED_SELECTOR = YES;
				GCC_WARN_UNINITIALIZED_AUTOS = YES_AGGRESSIVE;
				GCC_WARN_UNUSED_FUNCTION = YES;
				GCC_WARN_UNUSED_VARIABLE = YES;
				IPHONEOS_DEPLOYMENT_TARGET = 15.0;
				MTL_ENABLE_DEBUG_INFO = INCLUDE_SOURCE;
				MTL_FAST_MATH = YES;
				ONLY_ACTIVE_ARCH = YES;
				SDKROOT = iphoneos;
				SWIFT_ACTIVE_COMPILATION_CONDITIONS = DEBUG;
				SWIFT_OPTIMIZATION_LEVEL = "-Onone";
			};
			name = Debug;
		};
		78D4B64C28449C5700CC28C1 /* Release */ = {
			isa = XCBuildConfiguration;
			buildSettings = {
				ALWAYS_SEARCH_USER_PATHS = NO;
				CLANG_ANALYZER_NONNULL = YES;
				CLANG_ANALYZER_NUMBER_OBJECT_CONVERSION = YES_AGGRESSIVE;
				CLANG_CXX_LANGUAGE_STANDARD = "gnu++17";
				CLANG_CXX_LIBRARY = "libc++";
				CLANG_ENABLE_MODULES = YES;
				CLANG_ENABLE_OBJC_ARC = YES;
				CLANG_ENABLE_OBJC_WEAK = YES;
				CLANG_WARN_BLOCK_CAPTURE_AUTORELEASING = YES;
				CLANG_WARN_BOOL_CONVERSION = YES;
				CLANG_WARN_COMMA = YES;
				CLANG_WARN_CONSTANT_CONVERSION = YES;
				CLANG_WARN_DEPRECATED_OBJC_IMPLEMENTATIONS = YES;
				CLANG_WARN_DIRECT_OBJC_ISA_USAGE = YES_ERROR;
				CLANG_WARN_DOCUMENTATION_COMMENTS = YES;
				CLANG_WARN_EMPTY_BODY = YES;
				CLANG_WARN_ENUM_CONVERSION = YES;
				CLANG_WARN_INFINITE_RECURSION = YES;
				CLANG_WARN_INT_CONVERSION = YES;
				CLANG_WARN_NON_LITERAL_NULL_CONVERSION = YES;
				CLANG_WARN_OBJC_IMPLICIT_RETAIN_SELF = YES;
				CLANG_WARN_OBJC_LITERAL_CONVERSION = YES;
				CLANG_WARN_OBJC_ROOT_CLASS = YES_ERROR;
				CLANG_WARN_QUOTED_INCLUDE_IN_FRAMEWORK_HEADER = YES;
				CLANG_WARN_RANGE_LOOP_ANALYSIS = YES;
				CLANG_WARN_STRICT_PROTOTYPES = YES;
				CLANG_WARN_SUSPICIOUS_MOVE = YES;
				CLANG_WARN_UNGUARDED_AVAILABILITY = YES_AGGRESSIVE;
				CLANG_WARN_UNREACHABLE_CODE = YES;
				CLANG_WARN__DUPLICATE_METHOD_MATCH = YES;
				COPY_PHASE_STRIP = NO;
				DEBUG_INFORMATION_FORMAT = "dwarf-with-dsym";
				ENABLE_NS_ASSERTIONS = NO;
				ENABLE_STRICT_OBJC_MSGSEND = YES;
				GCC_C_LANGUAGE_STANDARD = gnu11;
				GCC_NO_COMMON_BLOCKS = YES;
				GCC_WARN_64_TO_32_BIT_CONVERSION = YES;
				GCC_WARN_ABOUT_RETURN_TYPE = YES_ERROR;
				GCC_WARN_UNDECLARED_SELECTOR = YES;
				GCC_WARN_UNINITIALIZED_AUTOS = YES_AGGRESSIVE;
				GCC_WARN_UNUSED_FUNCTION = YES;
				GCC_WARN_UNUSED_VARIABLE = YES;
				IPHONEOS_DEPLOYMENT_TARGET = 15.0;
				MTL_ENABLE_DEBUG_INFO = NO;
				MTL_FAST_MATH = YES;
				SDKROOT = iphoneos;
				SWIFT_COMPILATION_MODE = wholemodule;
				SWIFT_OPTIMIZATION_LEVEL = "-O";
				VALIDATE_PRODUCT = YES;
			};
			name = Release;
		};
		78D4B64E28449C5700CC28C1 /* Debug */ = {
			isa = XCBuildConfiguration;
			buildSettings = {
				ASSETCATALOG_COMPILER_APPICON_NAME = AppIcon;
				ASSETCATALOG_COMPILER_GLOBAL_ACCENT_COLOR_NAME = AccentColor;
				CODE_SIGN_STYLE = Automatic;
				CURRENT_PROJECT_VERSION = 1;
				DEVELOPMENT_TEAM = W48V737Q4L;
				GENERATE_INFOPLIST_FILE = YES;
				INFOPLIST_FILE = NotificationCenter/Info.plist;
				INFOPLIST_KEY_UIApplicationSupportsIndirectInputEvents = YES;
				INFOPLIST_KEY_UILaunchStoryboardName = LaunchScreen;
				INFOPLIST_KEY_UIMainStoryboardFile = Main;
				INFOPLIST_KEY_UISupportedInterfaceOrientations_iPad = "UIInterfaceOrientationPortrait UIInterfaceOrientationPortraitUpsideDown UIInterfaceOrientationLandscapeLeft UIInterfaceOrientationLandscapeRight";
				INFOPLIST_KEY_UISupportedInterfaceOrientations_iPhone = "UIInterfaceOrientationPortrait UIInterfaceOrientationLandscapeLeft UIInterfaceOrientationLandscapeRight";
				LD_RUNPATH_SEARCH_PATHS = (
					"$(inherited)",
					"@executable_path/Frameworks",
				);
				MARKETING_VERSION = 1.0;
				PRODUCT_BUNDLE_IDENTIFIER = scar.customer.app.brilion.NotificationCenter;
				PRODUCT_NAME = "$(TARGET_NAME)";
				SWIFT_EMIT_LOC_STRINGS = YES;
				SWIFT_VERSION = 5.0;
				TARGETED_DEVICE_FAMILY = "1,2";
			};
			name = Debug;
		};
		78D4B64F28449C5700CC28C1 /* Release */ = {
			isa = XCBuildConfiguration;
			buildSettings = {
				ASSETCATALOG_COMPILER_APPICON_NAME = AppIcon;
				ASSETCATALOG_COMPILER_GLOBAL_ACCENT_COLOR_NAME = AccentColor;
				CODE_SIGN_STYLE = Automatic;
				CURRENT_PROJECT_VERSION = 1;
				DEVELOPMENT_TEAM = W48V737Q4L;
				GENERATE_INFOPLIST_FILE = YES;
				INFOPLIST_FILE = NotificationCenter/Info.plist;
				INFOPLIST_KEY_UIApplicationSupportsIndirectInputEvents = YES;
				INFOPLIST_KEY_UILaunchStoryboardName = LaunchScreen;
				INFOPLIST_KEY_UIMainStoryboardFile = Main;
				INFOPLIST_KEY_UISupportedInterfaceOrientations_iPad = "UIInterfaceOrientationPortrait UIInterfaceOrientationPortraitUpsideDown UIInterfaceOrientationLandscapeLeft UIInterfaceOrientationLandscapeRight";
				INFOPLIST_KEY_UISupportedInterfaceOrientations_iPhone = "UIInterfaceOrientationPortrait UIInterfaceOrientationLandscapeLeft UIInterfaceOrientationLandscapeRight";
				LD_RUNPATH_SEARCH_PATHS = (
					"$(inherited)",
					"@executable_path/Frameworks",
				);
				MARKETING_VERSION = 1.0;
				PRODUCT_BUNDLE_IDENTIFIER = scar.customer.app.brilion.NotificationCenter;
				PRODUCT_NAME = "$(TARGET_NAME)";
				SWIFT_EMIT_LOC_STRINGS = YES;
				SWIFT_VERSION = 5.0;
				TARGETED_DEVICE_FAMILY = "1,2";
			};
			name = Release;
		};
		78D4B65128449C5700CC28C1 /* Debug */ = {
			isa = XCBuildConfiguration;
			buildSettings = {
				ALWAYS_EMBED_SWIFT_STANDARD_LIBRARIES = YES;
				BUNDLE_LOADER = "$(TEST_HOST)";
				CODE_SIGN_STYLE = Automatic;
				CURRENT_PROJECT_VERSION = 1;
				DEVELOPMENT_TEAM = W48V737Q4L;
				GENERATE_INFOPLIST_FILE = YES;
				IPHONEOS_DEPLOYMENT_TARGET = 15.0;
				LD_RUNPATH_SEARCH_PATHS = (
					"$(inherited)",
					"@executable_path/Frameworks",
					"@loader_path/Frameworks",
				);
				MARKETING_VERSION = 1.0;
				PRODUCT_BUNDLE_IDENTIFIER = scar.customer.app.brilion.NotificationCenterTests;
				PRODUCT_NAME = "$(TARGET_NAME)";
				SWIFT_EMIT_LOC_STRINGS = NO;
				SWIFT_VERSION = 5.0;
				TARGETED_DEVICE_FAMILY = "1,2";
				TEST_HOST = "$(BUILT_PRODUCTS_DIR)/NotificationCenter.app/NotificationCenter";
			};
			name = Debug;
		};
		78D4B65228449C5700CC28C1 /* Release */ = {
			isa = XCBuildConfiguration;
			buildSettings = {
				ALWAYS_EMBED_SWIFT_STANDARD_LIBRARIES = YES;
				BUNDLE_LOADER = "$(TEST_HOST)";
				CODE_SIGN_STYLE = Automatic;
				CURRENT_PROJECT_VERSION = 1;
				DEVELOPMENT_TEAM = W48V737Q4L;
				GENERATE_INFOPLIST_FILE = YES;
				IPHONEOS_DEPLOYMENT_TARGET = 15.0;
				LD_RUNPATH_SEARCH_PATHS = (
					"$(inherited)",
					"@executable_path/Frameworks",
					"@loader_path/Frameworks",
				);
				MARKETING_VERSION = 1.0;
				PRODUCT_BUNDLE_IDENTIFIER = scar.customer.app.brilion.NotificationCenterTests;
				PRODUCT_NAME = "$(TARGET_NAME)";
				SWIFT_EMIT_LOC_STRINGS = NO;
				SWIFT_VERSION = 5.0;
				TARGETED_DEVICE_FAMILY = "1,2";
				TEST_HOST = "$(BUILT_PRODUCTS_DIR)/NotificationCenter.app/NotificationCenter";
			};
			name = Release;
		};
		78D4B65428449C5700CC28C1 /* Debug */ = {
			isa = XCBuildConfiguration;
			buildSettings = {
				ALWAYS_EMBED_SWIFT_STANDARD_LIBRARIES = YES;
				CODE_SIGN_STYLE = Automatic;
				CURRENT_PROJECT_VERSION = 1;
				DEVELOPMENT_TEAM = W48V737Q4L;
				GENERATE_INFOPLIST_FILE = YES;
				LD_RUNPATH_SEARCH_PATHS = (
					"$(inherited)",
					"@executable_path/Frameworks",
					"@loader_path/Frameworks",
				);
				MARKETING_VERSION = 1.0;
				PRODUCT_BUNDLE_IDENTIFIER = scar.customer.app.brilion.NotificationCenterUITests;
				PRODUCT_NAME = "$(TARGET_NAME)";
				SWIFT_EMIT_LOC_STRINGS = NO;
				SWIFT_VERSION = 5.0;
				TARGETED_DEVICE_FAMILY = "1,2";
				TEST_TARGET_NAME = NotificationCenter;
			};
			name = Debug;
		};
		78D4B65528449C5700CC28C1 /* Release */ = {
			isa = XCBuildConfiguration;
			buildSettings = {
				ALWAYS_EMBED_SWIFT_STANDARD_LIBRARIES = YES;
				CODE_SIGN_STYLE = Automatic;
				CURRENT_PROJECT_VERSION = 1;
				DEVELOPMENT_TEAM = W48V737Q4L;
				GENERATE_INFOPLIST_FILE = YES;
				LD_RUNPATH_SEARCH_PATHS = (
					"$(inherited)",
					"@executable_path/Frameworks",
					"@loader_path/Frameworks",
				);
				MARKETING_VERSION = 1.0;
				PRODUCT_BUNDLE_IDENTIFIER = scar.customer.app.brilion.NotificationCenterUITests;
				PRODUCT_NAME = "$(TARGET_NAME)";
				SWIFT_EMIT_LOC_STRINGS = NO;
				SWIFT_VERSION = 5.0;
				TARGETED_DEVICE_FAMILY = "1,2";
				TEST_TARGET_NAME = NotificationCenter;
			};
			name = Release;
		};
/* End XCBuildConfiguration section */

/* Begin XCConfigurationList section */
		78D4B61B28449C5400CC28C1 /* Build configuration list for PBXProject "NotificationCenter" */ = {
			isa = XCConfigurationList;
			buildConfigurations = (
				78D4B64B28449C5700CC28C1 /* Debug */,
				78D4B64C28449C5700CC28C1 /* Release */,
			);
			defaultConfigurationIsVisible = 0;
			defaultConfigurationName = Release;
		};
		78D4B64D28449C5700CC28C1 /* Build configuration list for PBXNativeTarget "NotificationCenter" */ = {
			isa = XCConfigurationList;
			buildConfigurations = (
				78D4B64E28449C5700CC28C1 /* Debug */,
				78D4B64F28449C5700CC28C1 /* Release */,
			);
			defaultConfigurationIsVisible = 0;
			defaultConfigurationName = Release;
		};
		78D4B65028449C5700CC28C1 /* Build configuration list for PBXNativeTarget "NotificationCenterTests" */ = {
			isa = XCConfigurationList;
			buildConfigurations = (
				78D4B65128449C5700CC28C1 /* Debug */,
				78D4B65228449C5700CC28C1 /* Release */,
			);
			defaultConfigurationIsVisible = 0;
			defaultConfigurationName = Release;
		};
		78D4B65328449C5700CC28C1 /* Build configuration list for PBXNativeTarget "NotificationCenterUITests" */ = {
			isa = XCConfigurationList;
			buildConfigurations = (
				78D4B65428449C5700CC28C1 /* Debug */,
				78D4B65528449C5700CC28C1 /* Release */,
			);
			defaultConfigurationIsVisible = 0;
			defaultConfigurationName = Release;
		};
/* End XCConfigurationList section */

/* Begin XCVersionGroup section */
		78D4B62C28449C5400CC28C1 /* NotificationCenter.xcdatamodeld */ = {
			isa = XCVersionGroup;
			children = (
				78D4B62D28449C5400CC28C1 /* NotificationCenter.xcdatamodel */,
			);
			currentVersion = 78D4B62D28449C5400CC28C1 /* NotificationCenter.xcdatamodel */;
			path = NotificationCenter.xcdatamodeld;
			sourceTree = "<group>";
			versionGroupType = wrapper.xcdatamodel;
		};
/* End XCVersionGroup section */
	};
	rootObject = 78D4B61828449C5400CC28C1 /* Project object */;
}
